
Microsoft Visual Studio Solution File, Format Version 12.00
# Visual Studio Version 17
VisualStudioVersion = 17.3.32819.101
MinimumVisualStudioVersion = 10.0.40219.1
Project("{FAE04EC0-301F-11D3-BF4B-00C04F79EFBC}") = "WebBox", "WebBox.csproj", "{874A1519-D25E-44E1-8CEC-8D545114ECD3}"
EndProject
Global
	GlobalSection(SolutionConfigurationPlatforms) = preSolution
		Debug|Any CPU = Debug|Any CPU
		Release|Any CPU = Release|Any CPU
	EndGlobalSection
	GlobalSection(ProjectConfigurationPlatforms) = postSolution
		{874A1519-D25E-44E1-8CEC-8D545114ECD3}.Debug|Any CPU.ActiveCfg = Debug|Any CPU
		{874A1519-D25E-44E1-8CEC-8D545114ECD3}.Debug|Any CPU.Build.0 = Debug|Any CPU
		{874A1519-D25E-44E1-8CEC-8D545114ECD3}.Release|Any CPU.ActiveCfg = Release|Any CPU
		{874A1519-D25E-44E1-8CEC-8D545114ECD3}.Release|Any CPU.Build.0 = Release|Any CPU
	EndGlobalSection
	GlobalSection(SolutionProperties) = preSolution
		HideSolutionNode = FALSE
	EndGlobalSection
	GlobalSection(ExtensibilityGlobals) = postSolution
		SolutionGuid = {77B088B6-FB85-4F95-9A42-024EA90A6CB3}
	EndGlobalSection
EndGlobal
